lockfileVersion: '6.0'

devDependencies:
  turbo:
    specifier: latest
    version: 1.9.6

packages:

  /turbo-darwin-64@1.9.6:
    resolution: {integrity: sha512-9jmxyCAcPrJiPD/EmtK2tObrPGblmyORCgNgtcw1iozcfC7kqungWTfbnHrvTNUfUmVhH0sA3BGzshpuslbQHg==}
    cpu: [x64]
    os: [darwin]
    requiresBuild: true
    dev: true
    optional: true

  /turbo-darwin-arm64@1.9.6:
    resolution: {integrity: sha512-5f8ajEi8mOdAZ0AXavu/TzkHGEUi7tw+paefff7KK+XTUrdeyTlf8ULiTI+r97uH1jsYeTeL4JPu9IsEx+bL6g==}
    cpu: [arm64]
    os: [darwin]
    requiresBuild: true
    dev: true
    optional: true

  /turbo-linux-64@1.9.6:
    resolution: {integrity: sha512-UrCDMl2Nqd/kxNEJonqvDg8nmZU4UggVQTmqcdYyuOiCA3H98jxggQqZh1VGeF23XDbCWHSQjnbkLeoUvQJWKw==}
    cpu: [x64]
    os: [linux]
    requiresBuild: true
    dev: true
    optional: true

  /turbo-linux-arm64@1.9.6:
    resolution: {integrity: sha512-oOxAT6lNiMpYVZPWzFNsUvC2LQgKYyH4aBnkeoBnjuAUk8BK5AhUWSWl4QlfTcBWW4LnjDPeZQKrbnxvHhPVsw==}
    cpu: [arm64]
    os: [linux]
    requiresBuild: true
    dev: true
    optional: true

  /turbo-windows-64@1.9.6:
    resolution: {integrity: sha512-65UxLL1vb5RItzJYNerO5c+yPMzSnD+GvJxfBZIvAwSnb+4ulhPRHzQOYinVq4PZ2DosBZOorWPRf97POmhvog==}
    cpu: [x64]
    os: [win32]
    requiresBuild: true
    dev: true
    optional: true

  /turbo-windows-arm64@1.9.6:
    resolution: {integrity: sha512-aF9VzYT+vaKNbZGDccN7AYrNhph4gr6yOFN7GtTr777IwS5FGW7evku7RScsua5r2HwVKvBO2WjyadpbXuoOOQ==}
    cpu: [arm64]
    os: [win32]
    requiresBuild: true
    dev: true
    optional: true

  /turbo@1.9.6:
    resolution: {integrity: sha512-mLbCIAYNbSm60kVhBiAr+YA1BYpPObS/y7rqw1hjh36ZdJDp35lUSeqdBs6oGt0Y4hnmN4ZeIXu8zMVRR03/vw==}
    hasBin: true
    requiresBuild: true
    optionalDependencies:
      turbo-darwin-64: 1.9.6
      turbo-darwin-arm64: 1.9.6
      turbo-linux-64: 1.9.6
      turbo-linux-arm64: 1.9.6
      turbo-windows-64: 1.9.6
      turbo-windows-arm64: 1.9.6
    dev: true
